
Microsoft Visual Studio Solution File, Format Version 12.00
# Visual Studio Version 17
VisualStudioVersion = 17.0.31903.59
MinimumVisualStudioVersion = 10.0.40219.1
Project("{FAE04EC0-301F-11D3-BF4B-00C04F79EFBC}") = "Million.Api", "Million.Api\Million.Api.csproj", "{9AA51C0C-D02D-46B0-A7B9-5D0E25D5B123}"
EndProject
Global
	GlobalSection(SolutionConfigurationPlatforms) = preSolution
		Debug|Any CPU = Debug|Any CPU
		Release|Any CPU = Release|Any CPU
	EndGlobalSection
	GlobalSection(SolutionProperties) = preSolution
		HideSolutionNode = FALSE
	EndGlobalSection
	GlobalSection(ProjectConfigurationPlatforms) = postSolution
		{9AA51C0C-D02D-46B0-A7B9-5D0E25D5B123}.Debug|Any CPU.ActiveCfg = Debug|Any CPU
		{9AA51C0C-D02D-46B0-A7B9-5D0E25D5B123}.Debug|Any CPU.Build.0 = Debug|Any CPU
		{9AA51C0C-D02D-46B0-A7B9-5D0E25D5B123}.Release|Any CPU.ActiveCfg = Release|Any CPU
		{9AA51C0C-D02D-46B0-A7B9-5D0E25D5B123}.Release|Any CPU.Build.0 = Release|Any CPU
	EndGlobalSection
EndGlobal
